
Microsoft Visual Studio Solution File, Format Version 12.00
Project("{FAE04EC0-301F-11D3-BF4B-00C04F79EFBC}") = "CardGen", "CardGen\CardGen.csproj", "{CA047E9A-92DA-48C5-952D-C3CB24E5F8CB}"
EndProject
Global
	GlobalSection(SolutionConfigurationPlatforms) = preSolution
		Debug|Any CPU = Debug|Any CPU
		Release|Any CPU = Release|Any CPU
	EndGlobalSection
	GlobalSection(ProjectConfigurationPlatforms) = postSolution
		{CA047E9A-92DA-48C5-952D-C3CB24E5F8CB}.Debug|Any CPU.ActiveCfg = Debug|Any CPU
		{CA047E9A-92DA-48C5-952D-C3CB24E5F8CB}.Debug|Any CPU.Build.0 = Debug|Any CPU
		{CA047E9A-92DA-48C5-952D-C3CB24E5F8CB}.Release|Any CPU.ActiveCfg = Release|Any CPU
		{CA047E9A-92DA-48C5-952D-C3CB24E5F8CB}.Release|Any CPU.Build.0 = Release|Any CPU
	EndGlobalSection
EndGlobal
